
Microsoft Visual Studio Solution File, Format Version 12.00
Project("{FAE04EC0-301F-11D3-BF4B-00C04F79EFBC}") = "Exercitiul-1", "Exercitiul-1\Exercitiul-1.csproj", "{5AD98302-262F-4AFB-AAEE-3D7CDCFF7559}"
EndProject
Global
	GlobalSection(SolutionConfigurationPlatforms) = preSolution
		Debug|Any CPU = Debug|Any CPU
		Release|Any CPU = Release|Any CPU
	EndGlobalSection
	GlobalSection(ProjectConfigurationPlatforms) = postSolution
		{5AD98302-262F-4AFB-AAEE-3D7CDCFF7559}.Debug|Any CPU.ActiveCfg = Debug|Any CPU
		{5AD98302-262F-4AFB-AAEE-3D7CDCFF7559}.Debug|Any CPU.Build.0 = Debug|Any CPU
		{5AD98302-262F-4AFB-AAEE-3D7CDCFF7559}.Release|Any CPU.ActiveCfg = Release|Any CPU
		{5AD98302-262F-4AFB-AAEE-3D7CDCFF7559}.Release|Any CPU.Build.0 = Release|Any CPU
	EndGlobalSection
EndGlobal
