
Microsoft Visual Studio Solution File, Format Version 12.00
# Visual Studio Version 17
VisualStudioVersion = 17.10.34916.146
MinimumVisualStudioVersion = 10.0.40219.1
Project("{FAE04EC0-301F-11D3-BF4B-00C04F79EFBC}") = "Simulare-1", "Simulare-1\Simulare-1.csproj", "{5DAED536-3781-4AE4-9644-18DE2246D15B}"
EndProject
Global
	GlobalSection(SolutionConfigurationPlatforms) = preSolution
		Debug|Any CPU = Debug|Any CPU
		Release|Any CPU = Release|Any CPU
	EndGlobalSection
	GlobalSection(ProjectConfigurationPlatforms) = postSolution
		{5DAED536-3781-4AE4-9644-18DE2246D15B}.Debug|Any CPU.ActiveCfg = Debug|Any CPU
		{5DAED536-3781-4AE4-9644-18DE2246D15B}.Debug|Any CPU.Build.0 = Debug|Any CPU
		{5DAED536-3781-4AE4-9644-18DE2246D15B}.Release|Any CPU.ActiveCfg = Release|Any CPU
		{5DAED536-3781-4AE4-9644-18DE2246D15B}.Release|Any CPU.Build.0 = Release|Any CPU
	EndGlobalSection
	GlobalSection(SolutionProperties) = preSolution
		HideSolutionNode = FALSE
	EndGlobalSection
	GlobalSection(ExtensibilityGlobals) = postSolution
		SolutionGuid = {D019C5B5-CB6E-4F04-91AF-4D511575D19F}
	EndGlobalSection
EndGlobal
